
Microsoft Visual Studio Solution File, Format Version 12.00
# Visual Studio Version 17
VisualStudioVersion = 17.12.35527.113
MinimumVisualStudioVersion = 10.0.40219.1
Project("{FAE04EC0-301F-11D3-BF4B-00C04F79EFBC}") = "Model", "Model\Model.csproj", "{75470543-73EC-4DDC-9571-F82B6E0219CE}"
EndProject
Project("{FAE04EC0-301F-11D3-BF4B-00C04F79EFBC}") = "Dto", "Dto\Dto.csproj", "{09D6BB22-A4AB-45BD-B54B-DD70944838D3}"
EndProject
Project("{FAE04EC0-301F-11D3-BF4B-00C04F79EFBC}") = "BackendApi", "BackendApi\BackendApi.csproj", "{B1C6F39E-7353-42C3-AD6A-A9684AA9ECD9}"
EndProject
Project("{FAE04EC0-301F-11D3-BF4B-00C04F79EFBC}") = "DbEf", "DbEf\DbEf.csproj", "{72A3B989-9DBE-4F40-9DF8-94F30A74779B}"
EndProject
Project("{FAE04EC0-301F-11D3-BF4B-00C04F79EFBC}") = "FrontEndMovile", "FrontEndMovile\FrontEndMovile.csproj", "{B368970C-091D-4106-8FD1-4F399696F219}"
EndProject
Project("{FAE04EC0-301F-11D3-BF4B-00C04F79EFBC}") = "Ges", "Ges\Ges.csproj", "{C164FE1B-B2D3-4B9B-B6A7-2603B1823466}"
EndProject
Project("{2150E333-8FDC-42A3-9474-1A3956D46DE8}") = "01 - Server", "01 - Server", "{D4BC3A9D-10BB-4DF5-839A-D33FB654080E}"
EndProject
Project("{2150E333-8FDC-42A3-9474-1A3956D46DE8}") = "03 - Client", "03 - Client", "{B3827F67-C289-4609-B7FD-9CB2427F87AF}"
EndProject
Project("{2150E333-8FDC-42A3-9474-1A3956D46DE8}") = "02 - Bridge", "02 - Bridge", "{266FAE36-DDAE-424F-A0FB-5530EAA13060}"
EndProject
Global
	GlobalSection(SolutionConfigurationPlatforms) = preSolution
		Debug|Any CPU = Debug|Any CPU
		Release|Any CPU = Release|Any CPU
	EndGlobalSection
	GlobalSection(ProjectConfigurationPlatforms) = postSolution
		{75470543-73EC-4DDC-9571-F82B6E0219CE}.Debug|Any CPU.ActiveCfg = Debug|Any CPU
		{75470543-73EC-4DDC-9571-F82B6E0219CE}.Debug|Any CPU.Build.0 = Debug|Any CPU
		{75470543-73EC-4DDC-9571-F82B6E0219CE}.Release|Any CPU.ActiveCfg = Release|Any CPU
		{75470543-73EC-4DDC-9571-F82B6E0219CE}.Release|Any CPU.Build.0 = Release|Any CPU
		{09D6BB22-A4AB-45BD-B54B-DD70944838D3}.Debug|Any CPU.ActiveCfg = Debug|Any CPU
		{09D6BB22-A4AB-45BD-B54B-DD70944838D3}.Debug|Any CPU.Build.0 = Debug|Any CPU
		{09D6BB22-A4AB-45BD-B54B-DD70944838D3}.Release|Any CPU.ActiveCfg = Release|Any CPU
		{09D6BB22-A4AB-45BD-B54B-DD70944838D3}.Release|Any CPU.Build.0 = Release|Any CPU
		{B1C6F39E-7353-42C3-AD6A-A9684AA9ECD9}.Debug|Any CPU.ActiveCfg = Debug|Any CPU
		{B1C6F39E-7353-42C3-AD6A-A9684AA9ECD9}.Debug|Any CPU.Build.0 = Debug|Any CPU
		{B1C6F39E-7353-42C3-AD6A-A9684AA9ECD9}.Release|Any CPU.ActiveCfg = Release|Any CPU
		{B1C6F39E-7353-42C3-AD6A-A9684AA9ECD9}.Release|Any CPU.Build.0 = Release|Any CPU
		{72A3B989-9DBE-4F40-9DF8-94F30A74779B}.Debug|Any CPU.ActiveCfg = Debug|Any CPU
		{72A3B989-9DBE-4F40-9DF8-94F30A74779B}.Debug|Any CPU.Build.0 = Debug|Any CPU
		{72A3B989-9DBE-4F40-9DF8-94F30A74779B}.Release|Any CPU.ActiveCfg = Release|Any CPU
		{72A3B989-9DBE-4F40-9DF8-94F30A74779B}.Release|Any CPU.Build.0 = Release|Any CPU
		{B368970C-091D-4106-8FD1-4F399696F219}.Debug|Any CPU.ActiveCfg = Debug|Any CPU
		{B368970C-091D-4106-8FD1-4F399696F219}.Debug|Any CPU.Build.0 = Debug|Any CPU
		{B368970C-091D-4106-8FD1-4F399696F219}.Debug|Any CPU.Deploy.0 = Debug|Any CPU
		{B368970C-091D-4106-8FD1-4F399696F219}.Release|Any CPU.ActiveCfg = Release|Any CPU
		{B368970C-091D-4106-8FD1-4F399696F219}.Release|Any CPU.Build.0 = Release|Any CPU
		{C164FE1B-B2D3-4B9B-B6A7-2603B1823466}.Debug|Any CPU.ActiveCfg = Debug|Any CPU
		{C164FE1B-B2D3-4B9B-B6A7-2603B1823466}.Debug|Any CPU.Build.0 = Debug|Any CPU
		{C164FE1B-B2D3-4B9B-B6A7-2603B1823466}.Release|Any CPU.ActiveCfg = Release|Any CPU
		{C164FE1B-B2D3-4B9B-B6A7-2603B1823466}.Release|Any CPU.Build.0 = Release|Any CPU
	EndGlobalSection
	GlobalSection(SolutionProperties) = preSolution
		HideSolutionNode = FALSE
	EndGlobalSection
	GlobalSection(NestedProjects) = preSolution
		{75470543-73EC-4DDC-9571-F82B6E0219CE} = {D4BC3A9D-10BB-4DF5-839A-D33FB654080E}
		{09D6BB22-A4AB-45BD-B54B-DD70944838D3} = {266FAE36-DDAE-424F-A0FB-5530EAA13060}
		{B1C6F39E-7353-42C3-AD6A-A9684AA9ECD9} = {D4BC3A9D-10BB-4DF5-839A-D33FB654080E}
		{72A3B989-9DBE-4F40-9DF8-94F30A74779B} = {D4BC3A9D-10BB-4DF5-839A-D33FB654080E}
		{B368970C-091D-4106-8FD1-4F399696F219} = {B3827F67-C289-4609-B7FD-9CB2427F87AF}
		{C164FE1B-B2D3-4B9B-B6A7-2603B1823466} = {D4BC3A9D-10BB-4DF5-839A-D33FB654080E}
	EndGlobalSection
EndGlobal
